
Microsoft Visual Studio Solution File, Format Version 12.00
# Visual Studio Version 16
VisualStudioVersion = 16.0.31702.278
MinimumVisualStudioVersion = 10.0.40219.1
Project("{FAE04EC0-301F-11D3-BF4B-00C04F79EFBC}") = "Api_Bolsa_empleo", "Api_Bolsa_empleo\Api_Bolsa_empleo.csproj", "{0E3D04DF-A780-4AB6-BE27-B5D6D8B5628B}"
EndProject
Global
	GlobalSection(SolutionConfigurationPlatforms) = preSolution
		Debug|Any CPU = Debug|Any CPU
		Release|Any CPU = Release|Any CPU
	EndGlobalSection
	GlobalSection(ProjectConfigurationPlatforms) = postSolution
		{0E3D04DF-A780-4AB6-BE27-B5D6D8B5628B}.Debug|Any CPU.ActiveCfg = Debug|Any CPU
		{0E3D04DF-A780-4AB6-BE27-B5D6D8B5628B}.Debug|Any CPU.Build.0 = Debug|Any CPU
		{0E3D04DF-A780-4AB6-BE27-B5D6D8B5628B}.Release|Any CPU.ActiveCfg = Release|Any CPU
		{0E3D04DF-A780-4AB6-BE27-B5D6D8B5628B}.Release|Any CPU.Build.0 = Release|Any CPU
	EndGlobalSection
	GlobalSection(SolutionProperties) = preSolution
		HideSolutionNode = FALSE
	EndGlobalSection
	GlobalSection(ExtensibilityGlobals) = postSolution
		SolutionGuid = {87531B9C-423D-4AEF-BF4C-FCF3F69C6FA2}
	EndGlobalSection
EndGlobal
